
Microsoft Visual Studio Solution File, Format Version 12.00
# Visual Studio 2015
Project("{FAE04EC0-301F-11D3-BF4B-00C04F79EFBC}") = "Crash.CSharp", "Crash.CSharp.csproj", "{A9F3021A-2DB6-2031-0D7E-95238E4FAE61}"
EndProject
Global
	GlobalSection(SolutionConfigurationPlatforms) = preSolution
		Debug|Any CPU = Debug|Any CPU
		Release|Any CPU = Release|Any CPU
	EndGlobalSection
	GlobalSection(ProjectConfigurationPlatforms) = postSolution
		{A9F3021A-2DB6-2031-0D7E-95238E4FAE61}.Debug|Any CPU.ActiveCfg = Debug|Any CPU
		{A9F3021A-2DB6-2031-0D7E-95238E4FAE61}.Debug|Any CPU.Build.0 = Debug|Any CPU
		{A9F3021A-2DB6-2031-0D7E-95238E4FAE61}.Release|Any CPU.ActiveCfg = Release|Any CPU
		{A9F3021A-2DB6-2031-0D7E-95238E4FAE61}.Release|Any CPU.Build.0 = Release|Any CPU
	EndGlobalSection
	GlobalSection(SolutionProperties) = preSolution
		HideSolutionNode = FALSE
	EndGlobalSection
EndGlobal
